
Microsoft Visual Studio Solution File, Format Version 12.00
# Visual Studio Version 16
VisualStudioVersion = 16.0.29409.12
MinimumVisualStudioVersion = 10.0.40219.1
Project("{FAE04EC0-301F-11D3-BF4B-00C04F79EFBC}") = "Test_Project", "Test_Project.csproj", "{11F699A3-831F-45AB-B870-52ACB58E77CC}"
EndProject
Global
	GlobalSection(SolutionConfigurationPlatforms) = preSolution
		Debug|Any CPU = Debug|Any CPU
		Release|Any CPU = Release|Any CPU
	EndGlobalSection
	GlobalSection(ProjectConfigurationPlatforms) = postSolution
		{11F699A3-831F-45AB-B870-52ACB58E77CC}.Debug|Any CPU.ActiveCfg = Debug|Any CPU
		{11F699A3-831F-45AB-B870-52ACB58E77CC}.Debug|Any CPU.Build.0 = Debug|Any CPU
		{11F699A3-831F-45AB-B870-52ACB58E77CC}.Release|Any CPU.ActiveCfg = Release|Any CPU
		{11F699A3-831F-45AB-B870-52ACB58E77CC}.Release|Any CPU.Build.0 = Release|Any CPU
		{3556D5D8-9044-4A83-9648-0AB595BB56E4}.Debug|Any CPU.ActiveCfg = Debug|Any CPU
		{3556D5D8-9044-4A83-9648-0AB595BB56E4}.Debug|Any CPU.Build.0 = Debug|Any CPU
		{3556D5D8-9044-4A83-9648-0AB595BB56E4}.Release|Any CPU.ActiveCfg = Release|Any CPU
		{3556D5D8-9044-4A83-9648-0AB595BB56E4}.Release|Any CPU.Build.0 = Release|Any CPU
	EndGlobalSection
	GlobalSection(SolutionProperties) = preSolution
		HideSolutionNode = FALSE
	EndGlobalSection
	GlobalSection(ExtensibilityGlobals) = postSolution
		SolutionGuid = {4F2D5CBF-682F-48CC-BE9C-031D4C7B7A3A}
	EndGlobalSection
EndGlobal
